
Microsoft Visual Studio Solution File, Format Version 12.00
# Visual Studio Version 17
VisualStudioVersion = 17.8.34525.116
MinimumVisualStudioVersion = 10.0.40219.1
Project("{FAE04EC0-301F-11D3-BF4B-00C04F79EFBC}") = "Drzavna_matura", "Drzavna_matura\Drzavna_matura.csproj", "{33E7770F-312C-4B55-96BD-B207F388A40C}"
EndProject
Global
	GlobalSection(SolutionConfigurationPlatforms) = preSolution
		Debug|Any CPU = Debug|Any CPU
		Release|Any CPU = Release|Any CPU
	EndGlobalSection
	GlobalSection(ProjectConfigurationPlatforms) = postSolution
		{33E7770F-312C-4B55-96BD-B207F388A40C}.Debug|Any CPU.ActiveCfg = Debug|Any CPU
		{33E7770F-312C-4B55-96BD-B207F388A40C}.Debug|Any CPU.Build.0 = Debug|Any CPU
		{33E7770F-312C-4B55-96BD-B207F388A40C}.Release|Any CPU.ActiveCfg = Release|Any CPU
		{33E7770F-312C-4B55-96BD-B207F388A40C}.Release|Any CPU.Build.0 = Release|Any CPU
	EndGlobalSection
	GlobalSection(SolutionProperties) = preSolution
		HideSolutionNode = FALSE
	EndGlobalSection
	GlobalSection(ExtensibilityGlobals) = postSolution
		SolutionGuid = {207022CD-12FE-4CB8-8DCC-ACF3875C8E1A}
	EndGlobalSection
EndGlobal
